
Microsoft Visual Studio Solution File, Format Version 12.00
# Visual Studio Version 17
VisualStudioVersion = 17.3.32804.467
MinimumVisualStudioVersion = 10.0.40219.1
Project("{9A19103F-16F7-4668-BE54-9A1E7A4F7556}") = "NLayer.Core", "NLayer.Core\NLayer.Core.csproj", "{939DBFF2-64AB-437E-ADE7-110DAD7ADB7D}"
EndProject
Project("{9A19103F-16F7-4668-BE54-9A1E7A4F7556}") = "NLayer.Console", "NLayer.Console\NLayer.Console.csproj", "{E9C5F6E1-31C0-414F-9947-B59CF97FD784}"
EndProject
Project("{FAE04EC0-301F-11D3-BF4B-00C04F79EFBC}") = "NLayer.Repository", "NLayer.Repository\NLayer.Repository.csproj", "{67138AAE-207E-468C-B49B-08E638A0DB44}"
EndProject
Project("{FAE04EC0-301F-11D3-BF4B-00C04F79EFBC}") = "NLayer.Service", "NLayer.Service\NLayer.Service.csproj", "{CA316DD3-633B-4373-9B50-EF724D922ABC}"
EndProject
Project("{FAE04EC0-301F-11D3-BF4B-00C04F79EFBC}") = "NLayer.Api", "NLayer.Api\NLayer.Api.csproj", "{2A1DE6C6-9384-4237-A1E5-21D458F73BEA}"
EndProject
Project("{FAE04EC0-301F-11D3-BF4B-00C04F79EFBC}") = "NLayer.Web", "NLayer.Web\NLayer.Web.csproj", "{5EA8A675-6AC8-4316-B419-8DEC3023FF17}"
EndProject
Project("{FAE04EC0-301F-11D3-BF4B-00C04F79EFBC}") = "NLayer.Caching", "NLayer.Caching\NLayer.Caching.csproj", "{F25A005F-3BA8-4975-82F1-FD3D114072A4}"
EndProject
Global
	GlobalSection(SolutionConfigurationPlatforms) = preSolution
		Debug|Any CPU = Debug|Any CPU
		Release|Any CPU = Release|Any CPU
	EndGlobalSection
	GlobalSection(ProjectConfigurationPlatforms) = postSolution
		{939DBFF2-64AB-437E-ADE7-110DAD7ADB7D}.Debug|Any CPU.ActiveCfg = Debug|Any CPU
		{939DBFF2-64AB-437E-ADE7-110DAD7ADB7D}.Debug|Any CPU.Build.0 = Debug|Any CPU
		{939DBFF2-64AB-437E-ADE7-110DAD7ADB7D}.Release|Any CPU.ActiveCfg = Release|Any CPU
		{939DBFF2-64AB-437E-ADE7-110DAD7ADB7D}.Release|Any CPU.Build.0 = Release|Any CPU
		{E9C5F6E1-31C0-414F-9947-B59CF97FD784}.Debug|Any CPU.ActiveCfg = Debug|Any CPU
		{E9C5F6E1-31C0-414F-9947-B59CF97FD784}.Debug|Any CPU.Build.0 = Debug|Any CPU
		{E9C5F6E1-31C0-414F-9947-B59CF97FD784}.Release|Any CPU.ActiveCfg = Release|Any CPU
		{E9C5F6E1-31C0-414F-9947-B59CF97FD784}.Release|Any CPU.Build.0 = Release|Any CPU
		{67138AAE-207E-468C-B49B-08E638A0DB44}.Debug|Any CPU.ActiveCfg = Debug|Any CPU
		{67138AAE-207E-468C-B49B-08E638A0DB44}.Debug|Any CPU.Build.0 = Debug|Any CPU
		{67138AAE-207E-468C-B49B-08E638A0DB44}.Release|Any CPU.ActiveCfg = Release|Any CPU
		{67138AAE-207E-468C-B49B-08E638A0DB44}.Release|Any CPU.Build.0 = Release|Any CPU
		{CA316DD3-633B-4373-9B50-EF724D922ABC}.Debug|Any CPU.ActiveCfg = Debug|Any CPU
		{CA316DD3-633B-4373-9B50-EF724D922ABC}.Debug|Any CPU.Build.0 = Debug|Any CPU
		{CA316DD3-633B-4373-9B50-EF724D922ABC}.Release|Any CPU.ActiveCfg = Release|Any CPU
		{CA316DD3-633B-4373-9B50-EF724D922ABC}.Release|Any CPU.Build.0 = Release|Any CPU
		{2A1DE6C6-9384-4237-A1E5-21D458F73BEA}.Debug|Any CPU.ActiveCfg = Debug|Any CPU
		{2A1DE6C6-9384-4237-A1E5-21D458F73BEA}.Debug|Any CPU.Build.0 = Debug|Any CPU
		{2A1DE6C6-9384-4237-A1E5-21D458F73BEA}.Release|Any CPU.ActiveCfg = Release|Any CPU
		{2A1DE6C6-9384-4237-A1E5-21D458F73BEA}.Release|Any CPU.Build.0 = Release|Any CPU
		{5EA8A675-6AC8-4316-B419-8DEC3023FF17}.Debug|Any CPU.ActiveCfg = Debug|Any CPU
		{5EA8A675-6AC8-4316-B419-8DEC3023FF17}.Debug|Any CPU.Build.0 = Debug|Any CPU
		{5EA8A675-6AC8-4316-B419-8DEC3023FF17}.Release|Any CPU.ActiveCfg = Release|Any CPU
		{5EA8A675-6AC8-4316-B419-8DEC3023FF17}.Release|Any CPU.Build.0 = Release|Any CPU
		{F25A005F-3BA8-4975-82F1-FD3D114072A4}.Debug|Any CPU.ActiveCfg = Debug|Any CPU
		{F25A005F-3BA8-4975-82F1-FD3D114072A4}.Debug|Any CPU.Build.0 = Debug|Any CPU
		{F25A005F-3BA8-4975-82F1-FD3D114072A4}.Release|Any CPU.ActiveCfg = Release|Any CPU
		{F25A005F-3BA8-4975-82F1-FD3D114072A4}.Release|Any CPU.Build.0 = Release|Any CPU
	EndGlobalSection
	GlobalSection(SolutionProperties) = preSolution
		HideSolutionNode = FALSE
	EndGlobalSection
	GlobalSection(ExtensibilityGlobals) = postSolution
		SolutionGuid = {1A4B4C69-FE02-426A-B4B0-056CB8926F22}
	EndGlobalSection
EndGlobal
